
Microsoft Visual Studio Solution File, Format Version 12.00
# Visual Studio 15
VisualStudioVersion = 15.0.28010.2048
MinimumVisualStudioVersion = 10.0.40219.1
Project("{FAE04EC0-301F-11D3-BF4B-00C04F79EFBC}") = "MauliMarineRes", "MauliMarineRes\MauliMarineRes.csproj", "{D8D212DD-F73C-4494-BEF2-85CA2A8576FD}"
EndProject
Global
	GlobalSection(SolutionConfigurationPlatforms) = preSolution
		Debug|Any CPU = Debug|Any CPU
		Release|Any CPU = Release|Any CPU
	EndGlobalSection
	GlobalSection(ProjectConfigurationPlatforms) = postSolution
		{D8D212DD-F73C-4494-BEF2-85CA2A8576FD}.Debug|Any CPU.ActiveCfg = Debug|Any CPU
		{D8D212DD-F73C-4494-BEF2-85CA2A8576FD}.Debug|Any CPU.Build.0 = Debug|Any CPU
		{D8D212DD-F73C-4494-BEF2-85CA2A8576FD}.Release|Any CPU.ActiveCfg = Release|Any CPU
		{D8D212DD-F73C-4494-BEF2-85CA2A8576FD}.Release|Any CPU.Build.0 = Release|Any CPU
	EndGlobalSection
	GlobalSection(SolutionProperties) = preSolution
		HideSolutionNode = FALSE
	EndGlobalSection
	GlobalSection(ExtensibilityGlobals) = postSolution
		SolutionGuid = {4CC915D3-C8CB-4EC9-AFE6-B69AE0FB92A4}
	EndGlobalSection
EndGlobal
